{
  "name": "learn_rollup",
  "version": "1.0.0",
  "lockfileVersion": 2,
  "requires": true,
  "packages": {
    "": {
      "name": "learn_rollup",
      "version": "1.0.0",
      "license": "ISC",
      "dependencies": {
        "fsevents": "^2.3.2"
      },
      "devDependencies": {
        "rollup": "^2.42.3"
      }
    },
    "node_modules/fsevents": {
      "version": "2.3.2",
      "resolved": "https://registry.npmjs.org/fsevents/-/fsevents-2.3.2.tgz",
      "integrity": "sha512-xiqMQR4xAeHTuB9uWm+fFRcIOgKBMiOBP+eXiyT7jsgVCq1bkVygt00oASowB7EdtpOHaaPgKt812P9ab+DDKA==",
      "hasInstallScript": true,
      "os": [
        "darwin"
      ],
      "engines": {
        "node": "^8.16.0 || ^10.6.0 || >=11.0.0"
      }
    },
    "node_modules/rollup": {
      "version": "2.42.3",
      "resolved": "https://registry.npmjs.org/rollup/-/rollup-2.42.3.tgz",
      "integrity": "sha512-JjaT9WaUS5vmjy6xUrnPOskjkQg2cN4WSACNCwbOvBz8VDmbiKVdmTFUoMPRqTud0tsex8Xy9/boLbDW9HKD1w==",
      "dev": true,
      "bin": {
        "rollup": "dist/bin/rollup"
      },
      "engines": {
        "node": ">=10.0.0"
      },
      "optionalDependencies": {
        "fsevents": "~2.3.1"
      }
    }
  },
  "dependencies": {
    "fsevents": {
      "version": "2.3.2",
      "resolved": "https://registry.npmjs.org/fsevents/-/fsevents-2.3.2.tgz",
      "integrity": "sha512-xiqMQR4xAeHTuB9uWm+fFRcIOgKBMiOBP+eXiyT7jsgVCq1bkVygt00oASowB7EdtpOHaaPgKt812P9ab+DDKA=="
    },
    "rollup": {
      "version": "2.42.3",
      "resolved": "https://registry.npmjs.org/rollup/-/rollup-2.42.3.tgz",
      "integrity": "sha512-JjaT9WaUS5vmjy6xUrnPOskjkQg2cN4WSACNCwbOvBz8VDmbiKVdmTFUoMPRqTud0tsex8Xy9/boLbDW9HKD1w==",
      "dev": true,
      "requires": {
        "fsevents": "~2.3.1"
      }
    }
  }
}
