{
  "name": "mobile",
  "version": "1.0.0",
  "lockfileVersion": 1,
  "requires": true,
  "dependencies": {
    "component-closest": {
      "version": "1.0.1",
      "resolved": "https://registry.npmjs.org/component-closest/-/component-closest-1.0.1.tgz",
      "integrity": "sha1-HtBGQTL8iKNRCi2r7AeWlXifsbU=",
      "requires": {
        "component-matches-selector": "~0.1.6"
      }
    },
    "component-delegate": {
      "version": "0.2.3",
      "resolved": "https://registry.npmjs.org/component-delegate/-/component-delegate-0.2.3.tgz",
      "integrity": "sha1-Uj7DoFOP3IXiXptK5MXgYGh19/w=",
      "requires": {
        "component-closest": "*",
        "component-event": "*"
      }
    },
    "component-emitter": {
      "version": "1.2.0",
      "resolved": "https://registry.npmjs.org/component-emitter/-/component-emitter-1.2.0.tgz",
      "integrity": "sha1-zNETqGOI0GSC0D3j/H35hSa6jv4="
    },
    "component-event": {
      "version": "0.1.4",
      "resolved": "https://registry.npmjs.org/component-event/-/component-event-0.1.4.tgz",
      "integrity": "sha1-PeePwoeCOBeH4kvyp8U2vwFCybQ="
    },
    "component-events": {
      "version": "1.0.9",
      "resolved": "https://registry.npmjs.org/component-events/-/component-events-1.0.9.tgz",
      "integrity": "sha1-z3hFQScttxtbIxVS34nYBe72KQA=",
      "requires": {
        "component-delegate": "0.2.3",
        "component-event": "0.1.4"
      }
    },
    "component-matches-selector": {
      "version": "0.1.6",
      "resolved": "https://registry.npmjs.org/component-matches-selector/-/component-matches-selector-0.1.6.tgz",
      "integrity": "sha1-e2MOBOfgw7ABnzF0n9cK9e2Lly4=",
      "requires": {
        "component-query": "*"
      }
    },
    "component-query": {
      "version": "0.0.3",
      "resolved": "https://registry.npmjs.org/component-query/-/component-query-0.0.3.tgz",
      "integrity": "sha1-B/Sdq3Bx+pYGcl31PmB/RorNqs8="
    },
    "computed-style-component": {
      "version": "0.1.0",
      "resolved": "https://registry.npmjs.org/computed-style-component/-/computed-style-component-0.1.0.tgz",
      "integrity": "sha1-OMITjsPxCKeO7TFjy2yYqE3cCig="
    },
    "fastclick": {
      "version": "1.0.6",
      "resolved": "https://registry.npmjs.org/fastclick/-/fastclick-1.0.6.tgz",
      "integrity": "sha1-FhYlsnsaWAZAWTa9qaLBkm0Gvmo="
    },
    "has-translate3d": {
      "version": "0.0.3",
      "resolved": "https://registry.npmjs.org/has-translate3d/-/has-translate3d-0.0.3.tgz",
      "integrity": "sha1-7gFXrVtMqKGjNRSp5+9FQVoTIQM=",
      "requires": {
        "transform-property": "0.0.1"
      }
    },
    "iscroll": {
      "version": "5.2.0",
      "resolved": "https://registry.npmjs.org/iscroll/-/iscroll-5.2.0.tgz",
      "integrity": "sha1-1RMwcIi1slpPiTr0dIBEaEgYKcg="
    },
    "swipe": {
      "version": "1.7.7",
      "resolved": "https://registry.npmjs.org/swipe/-/swipe-1.7.7.tgz",
      "integrity": "sha1-Y+KH5/Zxl/Ytkg9ylW6+EKjLY/E=",
      "requires": {
        "component-emitter": "1.2.0",
        "component-event": "0.1.4",
        "component-events": "1.0.9",
        "computed-style-component": "0.1.0",
        "has-translate3d": "0.0.3",
        "touchaction-property": "0.0.1",
        "transform-property": "0.0.1",
        "transitionend-property": "0.0.2"
      }
    },
    "touchaction-property": {
      "version": "0.0.1",
      "resolved": "https://registry.npmjs.org/touchaction-property/-/touchaction-property-0.0.1.tgz",
      "integrity": "sha1-8EakYiR3YJHKzcY8IP/HN7dR9sY="
    },
    "transform-property": {
      "version": "0.0.1",
      "resolved": "https://registry.npmjs.org/transform-property/-/transform-property-0.0.1.tgz",
      "integrity": "sha1-SGNmL51eW7jwwAZI7/CL6xT9ZfI="
    },
    "transitionend-property": {
      "version": "0.0.2",
      "resolved": "https://registry.npmjs.org/transitionend-property/-/transitionend-property-0.0.2.tgz",
      "integrity": "sha1-f5aWSPg5TVK6CX8SayseefN7DGw="
    },
    "zepto": {
      "version": "1.2.0",
      "resolved": "https://registry.npmjs.org/zepto/-/zepto-1.2.0.tgz",
      "integrity": "sha1-4Se9nmb9hGvl6rSME5SIL3wOT5g="
    }
  }
}
